
Microsoft Visual Studio Solution File, Format Version 12.00
# Visual Studio Version 17
VisualStudioVersion = 17.12.35527.113 d17.12
MinimumVisualStudioVersion = 10.0.40219.1
Project("{FAE04EC0-301F-11D3-BF4B-00C04F79EFBC}") = "MSIT64Api", "MSIT64Api.csproj", "{ADE87F46-44CB-4DC7-B15E-95E47FC03434}"
EndProject
Global
	GlobalSection(SolutionConfigurationPlatforms) = preSolution
		Debug|Any CPU = Debug|Any CPU
		Release|Any CPU = Release|Any CPU
	EndGlobalSection
	GlobalSection(ProjectConfigurationPlatforms) = postSolution
		{ADE87F46-44CB-4DC7-B15E-95E47FC03434}.Debug|Any CPU.ActiveCfg = Debug|Any CPU
		{ADE87F46-44CB-4DC7-B15E-95E47FC03434}.Debug|Any CPU.Build.0 = Debug|Any CPU
		{ADE87F46-44CB-4DC7-B15E-95E47FC03434}.Release|Any CPU.ActiveCfg = Release|Any CPU
		{ADE87F46-44CB-4DC7-B15E-95E47FC03434}.Release|Any CPU.Build.0 = Release|Any CPU
	EndGlobalSection
	GlobalSection(SolutionProperties) = preSolution
		HideSolutionNode = FALSE
	EndGlobalSection
EndGlobal
